
Microsoft Visual Studio Solution File, Format Version 12.00
# Visual Studio Version 17
VisualStudioVersion = 17.9.34616.47
MinimumVisualStudioVersion = 10.0.40219.1
Project("{9A19103F-16F7-4668-BE54-9A1E7A4F7556}") = "RecipesAPI", "RecipesAPI\RecipesAPI.csproj", "{33868C6D-A66C-4AF8-985F-55CF44288FDF}"
EndProject
Global
	GlobalSection(SolutionConfigurationPlatforms) = preSolution
		Debug|Any CPU = Debug|Any CPU
		Release|Any CPU = Release|Any CPU
	EndGlobalSection
	GlobalSection(ProjectConfigurationPlatforms) = postSolution
		{33868C6D-A66C-4AF8-985F-55CF44288FDF}.Debug|Any CPU.ActiveCfg = Debug|Any CPU
		{33868C6D-A66C-4AF8-985F-55CF44288FDF}.Debug|Any CPU.Build.0 = Debug|Any CPU
		{33868C6D-A66C-4AF8-985F-55CF44288FDF}.Release|Any CPU.ActiveCfg = Release|Any CPU
		{33868C6D-A66C-4AF8-985F-55CF44288FDF}.Release|Any CPU.Build.0 = Release|Any CPU
	EndGlobalSection
	GlobalSection(SolutionProperties) = preSolution
		HideSolutionNode = FALSE
	EndGlobalSection
	GlobalSection(ExtensibilityGlobals) = postSolution
		SolutionGuid = {2E69C610-8269-4C1E-A425-F510B8919348}
	EndGlobalSection
EndGlobal
